
Microsoft Visual Studio Solution File, Format Version 12.00
# Visual Studio 15
VisualStudioVersion = 15.0.27703.2047
MinimumVisualStudioVersion = 10.0.40219.1
Project("{FAE04EC0-301F-11D3-BF4B-00C04F79EFBC}") = "WebApplication2", "WebApplication2\WebApplication2.csproj", "{D8C1E1C1-2DA7-474F-9CDF-5B75CC62B975}"
EndProject
Global
	GlobalSection(SolutionConfigurationPlatforms) = preSolution
		Debug|Any CPU = Debug|Any CPU
		Release|Any CPU = Release|Any CPU
	EndGlobalSection
	GlobalSection(ProjectConfigurationPlatforms) = postSolution
		{D8C1E1C1-2DA7-474F-9CDF-5B75CC62B975}.Debug|Any CPU.ActiveCfg = Debug|Any CPU
		{D8C1E1C1-2DA7-474F-9CDF-5B75CC62B975}.Debug|Any CPU.Build.0 = Debug|Any CPU
		{D8C1E1C1-2DA7-474F-9CDF-5B75CC62B975}.Release|Any CPU.ActiveCfg = Release|Any CPU
		{D8C1E1C1-2DA7-474F-9CDF-5B75CC62B975}.Release|Any CPU.Build.0 = Release|Any CPU
	EndGlobalSection
	GlobalSection(SolutionProperties) = preSolution
		HideSolutionNode = FALSE
	EndGlobalSection
	GlobalSection(ExtensibilityGlobals) = postSolution
		SolutionGuid = {B8F7F133-2F45-47AD-9B5A-A7C79B6FDB2B}
	EndGlobalSection
EndGlobal
